// !$*UTF8*$!
{
	archiveVersion = 1;
	classes = {
	};
	objectVersion = 77;
	objects = {

/* Begin PBXContainerItemProxy section */
		3A3582212ECB274E004B60C2 /* PBXContainerItemProxy */ = {
			isa = PBXContainerItemProxy;
			containerPortal = 3A3582042ECB274C004B60C2 /* Project object */;
			proxyType = 1;
			remoteGlobalIDString = 3A35820B2ECB274C004B60C2;
			remoteInfo = LearnTheCharacters;
		};
		3A35822B2ECB274E004B60C2 /* PBXContainerItemProxy */ = {
			isa = PBXContainerItemProxy;
			containerPortal = 3A3582042ECB274C004B60C2 /* Project object */;
			proxyType = 1;
			remoteGlobalIDString = 3A35820B2ECB274C004B60C2;
			remoteInfo = LearnTheCharacters;
		};
/* End PBXContainerItemProxy section */

/* Begin PBXFileReference section */
		3A35820C2ECB274C004B60C2 /* LearnTheCharacters.app */ = {isa = PBXFileReference; explicitFileType = wrapper.application; includeInIndex = 0; path = LearnTheCharacters.app; sourceTree = BUILT_PRODUCTS_DIR; };
		3A3582202ECB274E004B60C2 /* LearnTheCharactersTests.xctest */ = {isa = PBXFileReference; explicitFileType = wrapper.cfbundle; includeInIndex = 0; path = LearnTheCharactersTests.xctest; sourceTree = BUILT_PRODUCTS_DIR; };
		3A35822A2ECB274E004B60C2 /* LearnTheCharactersUITests.xctest */ = {isa = PBXFileReference; explicitFileType = wrapper.cfbundle; includeInIndex = 0; path = LearnTheCharactersUITests.xctest; sourceTree = BUILT_PRODUCTS_DIR; };
/* End PBXFileReference section */

/* Begin PBXFileSystemSynchronizedBuildFileExceptionSet section */
		3A3582322ECB274E004B60C2 /* Exceptions for "LearnTheCharacters" folder in "LearnTheCharacters" target */ = {
			isa = PBXFileSystemSynchronizedBuildFileExceptionSet;
			membershipExceptions = (
				Info.plist,
			);
			target = 3A35820B2ECB274C004B60C2 /* LearnTheCharacters */;
		};
/* End PBXFileSystemSynchronizedBuildFileExceptionSet section */

/* Begin PBXFileSystemSynchronizedRootGroup section */
		3A35820E2ECB274C004B60C2 /* LearnTheCharacters */ = {
			isa = PBXFileSystemSynchronizedRootGroup;
			exceptions = (
				3A3582322ECB274E004B60C2 /* Exceptions for "LearnTheCharacters" folder in "LearnTheCharacters" target */,
			);
			path = LearnTheCharacters;
			sourceTree = "<group>";
		};
		3A3582232ECB274E004B60C2 /* LearnTheCharactersTests */ = {
			isa = PBXFileSystemSynchronizedRootGroup;
			path = LearnTheCharactersTests;
			sourceTree = "<group>";
		};
		3A35822D2ECB274E004B60C2 /* LearnTheCharactersUITests */ = {
			isa = PBXFileSystemSynchronizedRootGroup;
			path = LearnTheCharactersUITests;
			sourceTree = "<group>";
		};
/* End PBXFileSystemSynchronizedRootGroup section */

/* Begin PBXFrameworksBuildPhase section */
		3A3582092ECB274C004B60C2 /* Frameworks */ = {
			isa = PBXFrameworksBuildPhase;
			buildActionMask = 2147483647;
			files = (
			);
			runOnlyForDeploymentPostprocessing = 0;
		};
		3A35821D2ECB274E004B60C2 /* Frameworks */ = {
			isa = PBXFrameworksBuildPhase;
			buildActionMask = 2147483647;
			files = (
			);
			runOnlyForDeploymentPostprocessing = 0;
		};
		3A3582272ECB274E004B60C2 /* Frameworks */ = {
			isa = PBXFrameworksBuildPhase;
			buildActionMask = 2147483647;
			files = (
			);
			runOnlyForDeploymentPostprocessing = 0;
		};
/* End PBXFrameworksBuildPhase section */

/* Begin PBXGroup section */
		3A3582032ECB274C004B60C2 = {
			isa = PBXGroup;
			children = (
				3A35820E2ECB274C004B60C2 /* LearnTheCharacters */,
				3A3582232ECB274E004B60C2 /* LearnTheCharactersTests */,
				3A35822D2ECB274E004B60C2 /* LearnTheCharactersUITests */,
				3A35820D2ECB274C004B60C2 /* Products */,
			);
			sourceTree = "<group>";
		};
		3A35820D2ECB274C004B60C2 /* Products */ = {
			isa = PBXGroup;
			children = (
				3A35820C2ECB274C004B60C2 /* LearnTheCharacters.app */,
				3A3582202ECB274E004B60C2 /* LearnTheCharactersTests.xctest */,
				3A35822A2ECB274E004B60C2 /* LearnTheCharactersUITests.xctest */,
			);
			name = Products;
			sourceTree = "<group>";
		};
/* End PBXGroup section */

/* Begin PBXNativeTarget section */
		3A35820B2ECB274C004B60C2 /* LearnTheCharacters */ = {
			isa = PBXNativeTarget;
			buildConfigurationList = 3A3582332ECB274E004B60C2 /* Build configuration list for PBXNativeTarget "LearnTheCharacters" */;
			buildPhases = (
				3A3582082ECB274C004B60C2 /* Sources */,
				3A3582092ECB274C004B60C2 /* Frameworks */,
				3A35820A2ECB274C004B60C2 /* Resources */,
			);
			buildRules = (
			);
			dependencies = (
			);
			fileSystemSynchronizedGroups = (
				3A35820E2ECB274C004B60C2 /* LearnTheCharacters */,
			);
			name = LearnTheCharacters;
			packageProductDependencies = (
			);
			productName = LearnTheCharacters;
			productReference = 3A35820C2ECB274C004B60C2 /* LearnTheCharacters.app */;
			productType = "com.apple.product-type.application";
		};
		3A35821F2ECB274E004B60C2 /* LearnTheCharactersTests */ = {
			isa = PBXNativeTarget;
			buildConfigurationList = 3A3582382ECB274E004B60C2 /* Build configuration list for PBXNativeTarget "LearnTheCharactersTests" */;
			buildPhases = (
				3A35821C2ECB274E004B60C2 /* Sources */,
				3A35821D2ECB274E004B60C2 /* Frameworks */,
				3A35821E2ECB274E004B60C2 /* Resources */,
			);
			buildRules = (
			);
			dependencies = (
				3A3582222ECB274E004B60C2 /* PBXTargetDependency */,
			);
			fileSystemSynchronizedGroups = (
				3A3582232ECB274E004B60C2 /* LearnTheCharactersTests */,
			);
			name = LearnTheCharactersTests;
			packageProductDependencies = (
			);
			productName = LearnTheCharactersTests;
			productReference = 3A3582202ECB274E004B60C2 /* LearnTheCharactersTests.xctest */;
			productType = "com.apple.product-type.bundle.unit-test";
		};
		3A3582292ECB274E004B60C2 /* LearnTheCharactersUITests */ = {
			isa = PBXNativeTarget;
			buildConfigurationList = 3A35823B2ECB274E004B60C2 /* Build configuration list for PBXNativeTarget "LearnTheCharactersUITests" */;
			buildPhases = (
				3A3582262ECB274E004B60C2 /* Sources */,
				3A3582272ECB274E004B60C2 /* Frameworks */,
				3A3582282ECB274E004B60C2 /* Resources */,
			);
			buildRules = (
			);
			dependencies = (
				3A35822C2ECB274E004B60C2 /* PBXTargetDependency */,
			);
			fileSystemSynchronizedGroups = (
				3A35822D2ECB274E004B60C2 /* LearnTheCharactersUITests */,
			);
			name = LearnTheCharactersUITests;
			packageProductDependencies = (
			);
			productName = LearnTheCharactersUITests;
			productReference = 3A35822A2ECB274E004B60C2 /* LearnTheCharactersUITests.xctest */;
			productType = "com.apple.product-type.bundle.ui-testing";
		};
/* End PBXNativeTarget section */

/* Begin PBXProject section */
		3A3582042ECB274C004B60C2 /* Project object */ = {
			isa = PBXProject;
			attributes = {
				BuildIndependentTargetsInParallel = 1;
				LastSwiftUpdateCheck = 2600;
				LastUpgradeCheck = 2620;
				TargetAttributes = {
					3A35820B2ECB274C004B60C2 = {
						CreatedOnToolsVersion = 26.0.1;
					};
					3A35821F2ECB274E004B60C2 = {
						CreatedOnToolsVersion = 26.0.1;
						TestTargetID = 3A35820B2ECB274C004B60C2;
					};
					3A3582292ECB274E004B60C2 = {
						CreatedOnToolsVersion = 26.0.1;
						TestTargetID = 3A35820B2ECB274C004B60C2;
					};
				};
			};
			buildConfigurationList = 3A3582072ECB274C004B60C2 /* Build configuration list for PBXProject "LearnTheCharacters" */;
			developmentRegion = en;
			hasScannedForEncodings = 0;
			knownRegions = (
				en,
				Base,
			);
			mainGroup = 3A3582032ECB274C004B60C2;
			minimizedProjectReferenceProxies = 1;
			preferredProjectObjectVersion = 77;
			productRefGroup = 3A35820D2ECB274C004B60C2 /* Products */;
			projectDirPath = "";
			projectRoot = "";
			targets = (
				3A35820B2ECB274C004B60C2 /* LearnTheCharacters */,
				3A35821F2ECB274E004B60C2 /* LearnTheCharactersTests */,
				3A3582292ECB274E004B60C2 /* LearnTheCharactersUITests */,
			);
		};
/* End PBXProject section */

/* Begin PBXResourcesBuildPhase section */
		3A35820A2ECB274C004B60C2 /* Resources */ = {
			isa = PBXResourcesBuildPhase;
			buildActionMask = 2147483647;
			files = (
			);
			runOnlyForDeploymentPostprocessing = 0;
		};
		3A35821E2ECB274E004B60C2 /* Resources */ = {
			isa = PBXResourcesBuildPhase;
			buildActionMask = 2147483647;
			files = (
			);
			runOnlyForDeploymentPostprocessing = 0;
		};
		3A3582282ECB274E004B60C2 /* Resources */ = {
			isa = PBXResourcesBuildPhase;
			buildActionMask = 2147483647;
			files = (
			);
			runOnlyForDeploymentPostprocessing = 0;
		};
/* End PBXResourcesBuildPhase section */

/* Begin PBXSourcesBuildPhase section */
		3A3582082ECB274C004B60C2 /* Sources */ = {
			isa = PBXSourcesBuildPhase;
			buildActionMask = 2147483647;
			files = (
			);
			runOnlyForDeploymentPostprocessing = 0;
		};
		3A35821C2ECB274E004B60C2 /* Sources */ = {
			isa = PBXSourcesBuildPhase;
			buildActionMask = 2147483647;
			files = (
			);
			runOnlyForDeploymentPostprocessing = 0;
		};
		3A3582262ECB274E004B60C2 /* Sources */ = {
			isa = PBXSourcesBuildPhase;
			buildActionMask = 2147483647;
			files = (
			);
			runOnlyForDeploymentPostprocessing = 0;
		};
/* End PBXSourcesBuildPhase section */

/* Begin PBXTargetDependency section */
		3A3582222ECB274E004B60C2 /* PBXTargetDependency */ = {
			isa = PBXTargetDependency;
			target = 3A35820B2ECB274C004B60C2 /* LearnTheCharacters */;
			targetProxy = 3A3582212ECB274E004B60C2 /* PBXContainerItemProxy */;
		};
		3A35822C2ECB274E004B60C2 /* PBXTargetDependency */ = {
			isa = PBXTargetDependency;
			target = 3A35820B2ECB274C004B60C2 /* LearnTheCharacters */;
			targetProxy = 3A35822B2ECB274E004B60C2 /* PBXContainerItemProxy */;
		};
/* End PBXTargetDependency section */

/* Begin XCBuildConfiguration section */
		3A3582342ECB274E004B60C2 /* Debug */ = {
			isa = XCBuildConfiguration;
			buildSettings = {
				ASSETCATALOG_COMPILER_APPICON_NAME = AppIcon;
				ASSETCATALOG_COMPILER_GLOBAL_ACCENT_COLOR_NAME = AccentColor;
				CODE_SIGN_ENTITLEMENTS = LearnTheCharacters/LearnTheCharacters.entitlements;
				CODE_SIGN_STYLE = Automatic;
				CURRENT_PROJECT_VERSION = 1;
				DEVELOPMENT_TEAM = 6X88R8C736;
				ENABLE_PREVIEWS = YES;
				GENERATE_INFOPLIST_FILE = YES;
				INFOPLIST_FILE = LearnTheCharacters/Info.plist;
				INFOPLIST_KEY_NSMicrophoneUsageDescription = "Learn the Characters a besoin d'accéder au microphone pour écouter votre prononciation.";
				INFOPLIST_KEY_NSSpeechRecognitionUsageDescription = "Learn The Characters utilise la reconnaissance vocale pour vérifier votre prononciation des caractères chinois.";
				INFOPLIST_KEY_UIApplicationSceneManifest_Generation = YES;
				INFOPLIST_KEY_UIApplicationSupportsIndirectInputEvents = YES;
				INFOPLIST_KEY_UILaunchScreen_Generation = YES;
				INFOPLIST_KEY_UISupportedInterfaceOrientations_iPad = "UIInterfaceOrientationPortrait UIInterfaceOrientationPortraitUpsideDown UIInterfaceOrientationLandscapeLeft UIInterfaceOrientationLandscapeRight";
				INFOPLIST_KEY_UISupportedInterfaceOrientations_iPhone = "UIInterfaceOrientationPortrait UIInterfaceOrientationLandscapeLeft UIInterfaceOrientationLandscapeRight";
				LD_RUNPATH_SEARCH_PATHS = (
					"$(inherited)",
					"@executable_path/Frameworks",
				);
				MARKETING_VERSION = 1.0;
				PRODUCT_BUNDLE_IDENTIFIER = net.cms.LearnTheCharacters;
				PRODUCT_NAME = "$(TARGET_NAME)";
				STRING_CATALOG_GENERATE_SYMBOLS = YES;
				SWIFT_APPROACHABLE_CONCURRENCY = YES;
				SWIFT_DEFAULT_ACTOR_ISOLATION = MainActor;
				SWIFT_EMIT_LOC_STRINGS = YES;
				SWIFT_UPCOMING_FEATURE_MEMBER_IMPORT_VISIBILITY = YES;
				SWIFT_VERSION = 5.0;
				TARGETED_DEVICE_FAMILY = "1,2";
			};
			name = Debug;
		};
		3A3582352ECB274E004B60C2 /* Release */ = {
			isa = XCBuildConfiguration;
			buildSettings = {
				ASSETCATALOG_COMPILER_APPICON_NAME = AppIcon;
				ASSETCATALOG_COMPILER_GLOBAL_ACCENT_COLOR_NAME = AccentColor;
				CODE_SIGN_ENTITLEMENTS = LearnTheCharacters/LearnTheCharacters.entitlements;
				CODE_SIGN_STYLE = Automatic;
				CURRENT_PROJECT_VERSION = 1;
				DEVELOPMENT_TEAM = 6X88R8C736;
				ENABLE_PREVIEWS = YES;
				GENERATE_INFOPLIST_FILE = YES;
				INFOPLIST_FILE = LearnTheCharacters/Info.plist;
				INFOPLIST_KEY_NSMicrophoneUsageDescription = "Learn the Characters a besoin d'accéder au microphone pour écouter votre prononciation.";
				INFOPLIST_KEY_NSSpeechRecognitionUsageDescription = "Learn The Characters utilise la reconnaissance vocale pour vérifier votre prononciation des caractères chinois.";
				INFOPLIST_KEY_UIApplicationSceneManifest_Generation = YES;
				INFOPLIST_KEY_UIApplicationSupportsIndirectInputEvents = YES;
				INFOPLIST_KEY_UILaunchScreen_Generation = YES;
				INFOPLIST_KEY_UISupportedInterfaceOrientations_iPad = "UIInterfaceOrientationPortrait UIInterfaceOrientationPortraitUpsideDown UIInterfaceOrientationLandscapeLeft UIInterfaceOrientationLandscapeRight";
				INFOPLIST_KEY_UISupportedInterfaceOrientations_iPhone = "UIInterfaceOrientationPortrait UIInterfaceOrientationLandscapeLeft UIInterfaceOrientationLandscapeRight";
				LD_RUNPATH_SEARCH_PATHS = (
					"$(inherited)",
					"@executable_path/Frameworks",
				);
				MARKETING_VERSION = 1.0;
				PRODUCT_BUNDLE_IDENTIFIER = net.cms.LearnTheCharacters;
				PRODUCT_NAME = "$(TARGET_NAME)";
				STRING_CATALOG_GENERATE_SYMBOLS = YES;
				SWIFT_APPROACHABLE_CONCURRENCY = YES;
				SWIFT_DEFAULT_ACTOR_ISOLATION = MainActor;
				SWIFT_EMIT_LOC_STRINGS = YES;
				SWIFT_UPCOMING_FEATURE_MEMBER_IMPORT_VISIBILITY = YES;
				SWIFT_VERSION = 5.0;
				TARGETED_DEVICE_FAMILY = "1,2";
			};
			name = Release;
		};
		3A3582362ECB274E004B60C2 /* Debug */ = {
			isa = XCBuildConfiguration;
			buildSettings = {
				ALWAYS_SEARCH_USER_PATHS = NO;
				ASSETCATALOG_COMPILER_GENERATE_SWIFT_ASSET_SYMBOL_EXTENSIONS = YES;
				CLANG_ANALYZER_NONNULL = YES;
				CLANG_ANALYZER_NUMBER_OBJECT_CONVERSION = YES_AGGRESSIVE;
				CLANG_CXX_LANGUAGE_STANDARD = "gnu++20";
				CLANG_ENABLE_MODULES = YES;
				CLANG_ENABLE_OBJC_ARC = YES;
				CLANG_ENABLE_OBJC_WEAK = YES;
				CLANG_WARN_BLOCK_CAPTURE_AUTORELEASING = YES;
				CLANG_WARN_BOOL_CONVERSION = YES;
				CLANG_WARN_COMMA = YES;
				CLANG_WARN_CONSTANT_CONVERSION = YES;
				CLANG_WARN_DEPRECATED_OBJC_IMPLEMENTATIONS = YES;
				CLANG_WARN_DIRECT_OBJC_ISA_USAGE = YES_ERROR;
				CLANG_WARN_DOCUMENTATION_COMMENTS = YES;
				CLANG_WARN_EMPTY_BODY = YES;
				CLANG_WARN_ENUM_CONVERSION = YES;
				CLANG_WARN_INFINITE_RECURSION = YES;
				CLANG_WARN_INT_CONVERSION = YES;
				CLANG_WARN_NON_LITERAL_NULL_CONVERSION = YES;
				CLANG_WARN_OBJC_IMPLICIT_RETAIN_SELF = YES;
				CLANG_WARN_OBJC_LITERAL_CONVERSION = YES;
				CLANG_WARN_OBJC_ROOT_CLASS = YES_ERROR;
				CLANG_WARN_QUOTED_INCLUDE_IN_FRAMEWORK_HEADER = YES;
				CLANG_WARN_RANGE_LOOP_ANALYSIS = YES;
				CLANG_WARN_STRICT_PROTOTYPES = YES;
				CLANG_WARN_SUSPICIOUS_MOVE = YES;
				CLANG_WARN_UNGUARDED_AVAILABILITY = YES_AGGRESSIVE;
				CLANG_WARN_UNREACHABLE_CODE = YES;
				CLANG_WARN__DUPLICATE_METHOD_MATCH = YES;
				COPY_PHASE_STRIP = NO;
				DEBUG_INFORMATION_FORMAT = dwarf;
				DEVELOPMENT_TEAM = 6X88R8C736;
				ENABLE_STRICT_OBJC_MSGSEND = YES;
				ENABLE_TESTABILITY = YES;
				ENABLE_USER_SCRIPT_SANDBOXING = YES;
				GCC_C_LANGUAGE_STANDARD = gnu17;
				GCC_DYNAMIC_NO_PIC = NO;
				GCC_NO_COMMON_BLOCKS = YES;
				GCC_OPTIMIZATION_LEVEL = 0;
				GCC_PREPROCESSOR_DEFINITIONS = (
					"DEBUG=1",
					"$(inherited)",
				);
				GCC_WARN_64_TO_32_BIT_CONVERSION = YES;
				GCC_WARN_ABOUT_RETURN_TYPE = YES_ERROR;
				GCC_WARN_UNDECLARED_SELECTOR = YES;
				GCC_WARN_UNINITIALIZED_AUTOS = YES_AGGRESSIVE;
				GCC_WARN_UNUSED_FUNCTION = YES;
				GCC_WARN_UNUSED_VARIABLE = YES;
				IPHONEOS_DEPLOYMENT_TARGET = 26.0;
				LOCALIZATION_PREFERS_STRING_CATALOGS = YES;
				MTL_ENABLE_DEBUG_INFO = INCLUDE_SOURCE;
				MTL_FAST_MATH = YES;
				ONLY_ACTIVE_ARCH = YES;
				SDKROOT = iphoneos;
				STRING_CATALOG_GENERATE_SYMBOLS = YES;
				SWIFT_ACTIVE_COMPILATION_CONDITIONS = "DEBUG $(inherited)";
				SWIFT_OPTIMIZATION_LEVEL = "-Onone";
			};
			name = Debug;
		};
		3A3582372ECB274E004B60C2 /* Release */ = {
			isa = XCBuildConfiguration;
			buildSettings = {
				ALWAYS_SEARCH_USER_PATHS = NO;
				ASSETCATALOG_COMPILER_GENERATE_SWIFT_ASSET_SYMBOL_EXTENSIONS = YES;
				CLANG_ANALYZER_NONNULL = YES;
				CLANG_ANALYZER_NUMBER_OBJECT_CONVERSION = YES_AGGRESSIVE;
				CLANG_CXX_LANGUAGE_STANDARD = "gnu++20";
				CLANG_ENABLE_MODULES = YES;
				CLANG_ENABLE_OBJC_ARC = YES;
				CLANG_ENABLE_OBJC_WEAK = YES;
				CLANG_WARN_BLOCK_CAPTURE_AUTORELEASING = YES;
				CLANG_WARN_BOOL_CONVERSION = YES;
				CLANG_WARN_COMMA = YES;
				CLANG_WARN_CONSTANT_CONVERSION = YES;
				CLANG_WARN_DEPRECATED_OBJC_IMPLEMENTATIONS = YES;
				CLANG_WARN_DIRECT_OBJC_ISA_USAGE = YES_ERROR;
				CLANG_WARN_DOCUMENTATION_COMMENTS = YES;
				CLANG_WARN_EMPTY_BODY = YES;
				CLANG_WARN_ENUM_CONVERSION = YES;
				CLANG_WARN_INFINITE_RECURSION = YES;
				CLANG_WARN_INT_CONVERSION = YES;
				CLANG_WARN_NON_LITERAL_NULL_CONVERSION = YES;
				CLANG_WARN_OBJC_IMPLICIT_RETAIN_SELF = YES;
				CLANG_WARN_OBJC_LITERAL_CONVERSION = YES;
				CLANG_WARN_OBJC_ROOT_CLASS = YES_ERROR;
				CLANG_WARN_QUOTED_INCLUDE_IN_FRAMEWORK_HEADER = YES;
				CLANG_WARN_RANGE_LOOP_ANALYSIS = YES;
				CLANG_WARN_STRICT_PROTOTYPES = YES;
				CLANG_WARN_SUSPICIOUS_MOVE = YES;
				CLANG_WARN_UNGUARDED_AVAILABILITY = YES_AGGRESSIVE;
				CLANG_WARN_UNREACHABLE_CODE = YES;
				CLANG_WARN__DUPLICATE_METHOD_MATCH = YES;
				COPY_PHASE_STRIP = NO;
				DEBUG_INFORMATION_FORMAT = "dwarf-with-dsym";
				DEVELOPMENT_TEAM = 6X88R8C736;
				ENABLE_NS_ASSERTIONS = NO;
				ENABLE_STRICT_OBJC_MSGSEND = YES;
				ENABLE_USER_SCRIPT_SANDBOXING = YES;
				GCC_C_LANGUAGE_STANDARD = gnu17;
				GCC_NO_COMMON_BLOCKS = YES;
				GCC_WARN_64_TO_32_BIT_CONVERSION = YES;
				GCC_WARN_ABOUT_RETURN_TYPE = YES_ERROR;
				GCC_WARN_UNDECLARED_SELECTOR = YES;
				GCC_WARN_UNINITIALIZED_AUTOS = YES_AGGRESSIVE;
				GCC_WARN_UNUSED_FUNCTION = YES;
				GCC_WARN_UNUSED_VARIABLE = YES;
				IPHONEOS_DEPLOYMENT_TARGET = 26.0;
				LOCALIZATION_PREFERS_STRING_CATALOGS = YES;
				MTL_ENABLE_DEBUG_INFO = NO;
				MTL_FAST_MATH = YES;
				SDKROOT = iphoneos;
				STRING_CATALOG_GENERATE_SYMBOLS = YES;
				SWIFT_COMPILATION_MODE = wholemodule;
				VALIDATE_PRODUCT = YES;
			};
			name = Release;
		};
		3A3582392ECB274E004B60C2 /* Debug */ = {
			isa = XCBuildConfiguration;
			buildSettings = {
				BUNDLE_LOADER = "$(TEST_HOST)";
				CODE_SIGN_STYLE = Automatic;
				CURRENT_PROJECT_VERSION = 1;
				DEVELOPMENT_TEAM = 6X88R8C736;
				GENERATE_INFOPLIST_FILE = YES;
				IPHONEOS_DEPLOYMENT_TARGET = 26.0;
				MARKETING_VERSION = 1.0;
				PRODUCT_BUNDLE_IDENTIFIER = net.cms.LearnTheCharactersTests;
				PRODUCT_NAME = "$(TARGET_NAME)";
				STRING_CATALOG_GENERATE_SYMBOLS = NO;
				SWIFT_APPROACHABLE_CONCURRENCY = YES;
				SWIFT_EMIT_LOC_STRINGS = NO;
				SWIFT_UPCOMING_FEATURE_MEMBER_IMPORT_VISIBILITY = YES;
				SWIFT_VERSION = 5.0;
				TARGETED_DEVICE_FAMILY = "1,2";
				TEST_HOST = "$(BUILT_PRODUCTS_DIR)/LearnTheCharacters.app/$(BUNDLE_EXECUTABLE_FOLDER_PATH)/LearnTheCharacters";
			};
			name = Debug;
		};
		3A35823A2ECB274E004B60C2 /* Release */ = {
			isa = XCBuildConfiguration;
			buildSettings = {
				BUNDLE_LOADER = "$(TEST_HOST)";
				CODE_SIGN_STYLE = Automatic;
				CURRENT_PROJECT_VERSION = 1;
				DEVELOPMENT_TEAM = 6X88R8C736;
				GENERATE_INFOPLIST_FILE = YES;
				IPHONEOS_DEPLOYMENT_TARGET = 26.0;
				MARKETING_VERSION = 1.0;
				PRODUCT_BUNDLE_IDENTIFIER = net.cms.LearnTheCharactersTests;
				PRODUCT_NAME = "$(TARGET_NAME)";
				STRING_CATALOG_GENERATE_SYMBOLS = NO;
				SWIFT_APPROACHABLE_CONCURRENCY = YES;
				SWIFT_EMIT_LOC_STRINGS = NO;
				SWIFT_UPCOMING_FEATURE_MEMBER_IMPORT_VISIBILITY = YES;
				SWIFT_VERSION = 5.0;
				TARGETED_DEVICE_FAMILY = "1,2";
				TEST_HOST = "$(BUILT_PRODUCTS_DIR)/LearnTheCharacters.app/$(BUNDLE_EXECUTABLE_FOLDER_PATH)/LearnTheCharacters";
			};
			name = Release;
		};
		3A35823C2ECB274E004B60C2 /* Debug */ = {
			isa = XCBuildConfiguration;
			buildSettings = {
				CODE_SIGN_STYLE = Automatic;
				CURRENT_PROJECT_VERSION = 1;
				DEVELOPMENT_TEAM = 6X88R8C736;
				GENERATE_INFOPLIST_FILE = YES;
				MARKETING_VERSION = 1.0;
				PRODUCT_BUNDLE_IDENTIFIER = net.cms.LearnTheCharactersUITests;
				PRODUCT_NAME = "$(TARGET_NAME)";
				STRING_CATALOG_GENERATE_SYMBOLS = NO;
				SWIFT_APPROACHABLE_CONCURRENCY = YES;
				SWIFT_EMIT_LOC_STRINGS = NO;
				SWIFT_UPCOMING_FEATURE_MEMBER_IMPORT_VISIBILITY = YES;
				SWIFT_VERSION = 5.0;
				TARGETED_DEVICE_FAMILY = "1,2";
				TEST_TARGET_NAME = LearnTheCharacters;
			};
			name = Debug;
		};
		3A35823D2ECB274E004B60C2 /* Release */ = {
			isa = XCBuildConfiguration;
			buildSettings = {
				CODE_SIGN_STYLE = Automatic;
				CURRENT_PROJECT_VERSION = 1;
				DEVELOPMENT_TEAM = 6X88R8C736;
				GENERATE_INFOPLIST_FILE = YES;
				MARKETING_VERSION = 1.0;
				PRODUCT_BUNDLE_IDENTIFIER = net.cms.LearnTheCharactersUITests;
				PRODUCT_NAME = "$(TARGET_NAME)";
				STRING_CATALOG_GENERATE_SYMBOLS = NO;
				SWIFT_APPROACHABLE_CONCURRENCY = YES;
				SWIFT_EMIT_LOC_STRINGS = NO;
				SWIFT_UPCOMING_FEATURE_MEMBER_IMPORT_VISIBILITY = YES;
				SWIFT_VERSION = 5.0;
				TARGETED_DEVICE_FAMILY = "1,2";
				TEST_TARGET_NAME = LearnTheCharacters;
			};
			name = Release;
		};
/* End XCBuildConfiguration section */

/* Begin XCConfigurationList section */
		3A3582072ECB274C004B60C2 /* Build configuration list for PBXProject "LearnTheCharacters" */ = {
			isa = XCConfigurationList;
			buildConfigurations = (
				3A3582362ECB274E004B60C2 /* Debug */,
				3A3582372ECB274E004B60C2 /* Release */,
			);
			defaultConfigurationIsVisible = 0;
			defaultConfigurationName = Release;
		};
		3A3582332ECB274E004B60C2 /* Build configuration list for PBXNativeTarget "LearnTheCharacters" */ = {
			isa = XCConfigurationList;
			buildConfigurations = (
				3A3582342ECB274E004B60C2 /* Debug */,
				3A3582352ECB274E004B60C2 /* Release */,
			);
			defaultConfigurationIsVisible = 0;
			defaultConfigurationName = Release;
		};
		3A3582382ECB274E004B60C2 /* Build configuration list for PBXNativeTarget "LearnTheCharactersTests" */ = {
			isa = XCConfigurationList;
			buildConfigurations = (
				3A3582392ECB274E004B60C2 /* Debug */,
				3A35823A2ECB274E004B60C2 /* Release */,
			);
			defaultConfigurationIsVisible = 0;
			defaultConfigurationName = Release;
		};
		3A35823B2ECB274E004B60C2 /* Build configuration list for PBXNativeTarget "LearnTheCharactersUITests" */ = {
			isa = XCConfigurationList;
			buildConfigurations = (
				3A35823C2ECB274E004B60C2 /* Debug */,
				3A35823D2ECB274E004B60C2 /* Release */,
			);
			defaultConfigurationIsVisible = 0;
			defaultConfigurationName = Release;
		};
/* End XCConfigurationList section */
	};
	rootObject = 3A3582042ECB274C004B60C2 /* Project object */;
}
